// !$*UTF8*$!
{
	archiveVersion = 1;
	classes = {
	};
	objectVersion = 48;
	objects = {

/* Begin PBXBuildFile section */
		0C6B1C2C8F4FA001F75B4A8B /* Pods_Tank.framework in Frameworks */ = {isa = PBXBuildFile; fileRef = 99607C08637FCE190A0699D3 /* Pods_Tank.framework */; };
		45891E243F752D329E6707F7 /* Pods_TankUITests.framework in Frameworks */ = {isa = PBXBuildFile; fileRef = 7742A359A0CE62FAA31D083B /* Pods_TankUITests.framework */; };
		8CF34AAF85980D632165433B /* Pods_TankTests.framework in Frameworks */ = {isa = PBXBuildFile; fileRef = ECB87FB8ACA4D6684DE6B9EC /* Pods_TankTests.framework */; };
		96E5F7112042C3ED00A713D9 /* AppDelegate.swift in Sources */ = {isa = PBXBuildFile; fileRef = 96E5F7102042C3ED00A713D9 /* AppDelegate.swift */; };
		96E5F7132042C3ED00A713D9 /* ViewController.swift in Sources */ = {isa = PBXBuildFile; fileRef = 96E5F7122042C3ED00A713D9 /* ViewController.swift */; };
		96E5F7152042C3ED00A713D9 /* Assets.xcassets in Resources */ = {isa = PBXBuildFile; fileRef = 96E5F7142042C3ED00A713D9 /* Assets.xcassets */; };
		96E5F7182042C3ED00A713D9 /* Main.storyboard in Resources */ = {isa = PBXBuildFile; fileRef = 96E5F7162042C3ED00A713D9 /* Main.storyboard */; };
		96E5F7242042C3ED00A713D9 /* TankTests.swift in Sources */ = {isa = PBXBuildFile; fileRef = 96E5F7232042C3ED00A713D9 /* TankTests.swift */; };
		96E5F72F2042C3ED00A713D9 /* TankUITests.swift in Sources */ = {isa = PBXBuildFile; fileRef = 96E5F72E2042C3ED00A713D9 /* TankUITests.swift */; };
		96E5F73F204309AA00A713D9 /* GHWebcastViewController.swift in Sources */ = {isa = PBXBuildFile; fileRef = 96E5F73E204309AA00A713D9 /* GHWebcastViewController.swift */; };
		96E5F74120430A7400A713D9 /* Webcast.swift in Sources */ = {isa = PBXBuildFile; fileRef = 96E5F74020430A7400A713D9 /* Webcast.swift */; };
		96E5F74320430ABD00A713D9 /* WebcastParser.swift in Sources */ = {isa = PBXBuildFile; fileRef = 96E5F74220430ABD00A713D9 /* WebcastParser.swift */; };
		96E5F7452043121000A713D9 /* WebcastsTableViewCell.swift in Sources */ = {isa = PBXBuildFile; fileRef = 96E5F7442043121000A713D9 /* WebcastsTableViewCell.swift */; };
		96E5F7492043173500A713D9 /* GHAuthManager.swift in Sources */ = {isa = PBXBuildFile; fileRef = 96E5F7482043173500A713D9 /* GHAuthManager.swift */; };
		96E5F74B2044729100A713D9 /* GithubViewController.swift in Sources */ = {isa = PBXBuildFile; fileRef = 96E5F74A2044729100A713D9 /* GithubViewController.swift */; };
		96E5F74D204472D100A713D9 /* GHAuthViewController.swift in Sources */ = {isa = PBXBuildFile; fileRef = 96E5F74C204472D100A713D9 /* GHAuthViewController.swift */; };
		96E5F74F204548F300A713D9 /* GHNotificationViewController.swift in Sources */ = {isa = PBXBuildFile; fileRef = 96E5F74E204548F300A713D9 /* GHNotificationViewController.swift */; };
		96E5F7522045495500A713D9 /* GHTableViewCell.swift in Sources */ = {isa = PBXBuildFile; fileRef = 96E5F7512045495500A713D9 /* GHTableViewCell.swift */; };
		96E5F75420454A5100A713D9 /* GHNotification.swift in Sources */ = {isa = PBXBuildFile; fileRef = 96E5F75320454A5100A713D9 /* GHNotification.swift */; };
		96E5F75620454B4C00A713D9 /* GHNotificationWebService.swift in Sources */ = {isa = PBXBuildFile; fileRef = 96E5F75520454B4C00A713D9 /* GHNotificationWebService.swift */; };
/* End PBXBuildFile section */

/* Begin PBXContainerItemProxy section */
		96E5F7202042C3ED00A713D9 /* PBXContainerItemProxy */ = {
			isa = PBXContainerItemProxy;
			containerPortal = 96E5F7052042C3EC00A713D9 /* Project object */;
			proxyType = 1;
			remoteGlobalIDString = 96E5F70C2042C3EC00A713D9;
			remoteInfo = Tank;
		};
		96E5F72B2042C3ED00A713D9 /* PBXContainerItemProxy */ = {
			isa = PBXContainerItemProxy;
			containerPortal = 96E5F7052042C3EC00A713D9 /* Project object */;
			proxyType = 1;
			remoteGlobalIDString = 96E5F70C2042C3EC00A713D9;
			remoteInfo = Tank;
		};
/* End PBXContainerItemProxy section */

/* Begin PBXFileReference section */
		13DC6BC2002A62ECFD79CFA6 /* Pods-Tank.debug.xcconfig */ = {isa = PBXFileReference; includeInIndex = 1; lastKnownFileType = text.xcconfig; name = "Pods-Tank.debug.xcconfig"; path = "Pods/Target Support Files/Pods-Tank/Pods-Tank.debug.xcconfig"; sourceTree = "<group>"; };
		2AF4EC6DB1CE60523D1C6F7D /* Pods-TankTests.debug.xcconfig */ = {isa = PBXFileReference; includeInIndex = 1; lastKnownFileType = text.xcconfig; name = "Pods-TankTests.debug.xcconfig"; path = "Pods/Target Support Files/Pods-TankTests/Pods-TankTests.debug.xcconfig"; sourceTree = "<group>"; };
		3AA50FF924E93AB6C074C836 /* Pods-TankUITests.debug.xcconfig */ = {isa = PBXFileReference; includeInIndex = 1; lastKnownFileType = text.xcconfig; name = "Pods-TankUITests.debug.xcconfig"; path = "Pods/Target Support Files/Pods-TankUITests/Pods-TankUITests.debug.xcconfig"; sourceTree = "<group>"; };
		713325FAEA72500D14802C6E /* Pods-TankTests.release.xcconfig */ = {isa = PBXFileReference; includeInIndex = 1; lastKnownFileType = text.xcconfig; name = "Pods-TankTests.release.xcconfig"; path = "Pods/Target Support Files/Pods-TankTests/Pods-TankTests.release.xcconfig"; sourceTree = "<group>"; };
		7249A558C5293285692CB334 /* Pods-TankUITests.release.xcconfig */ = {isa = PBXFileReference; includeInIndex = 1; lastKnownFileType = text.xcconfig; name = "Pods-TankUITests.release.xcconfig"; path = "Pods/Target Support Files/Pods-TankUITests/Pods-TankUITests.release.xcconfig"; sourceTree = "<group>"; };
		7742A359A0CE62FAA31D083B /* Pods_TankUITests.framework */ = {isa = PBXFileReference; explicitFileType = wrapper.framework; includeInIndex = 0; path = Pods_TankUITests.framework; sourceTree = BUILT_PRODUCTS_DIR; };
		96E5F70D2042C3ED00A713D9 /* Tank.app */ = {isa = PBXFileReference; explicitFileType = wrapper.application; includeInIndex = 0; path = Tank.app; sourceTree = BUILT_PRODUCTS_DIR; };
		96E5F7102042C3ED00A713D9 /* AppDelegate.swift */ = {isa = PBXFileReference; lastKnownFileType = sourcecode.swift; path = AppDelegate.swift; sourceTree = "<group>"; };
		96E5F7122042C3ED00A713D9 /* ViewController.swift */ = {isa = PBXFileReference; lastKnownFileType = sourcecode.swift; path = ViewController.swift; sourceTree = "<group>"; };
		96E5F7142042C3ED00A713D9 /* Assets.xcassets */ = {isa = PBXFileReference; lastKnownFileType = folder.assetcatalog; path = Assets.xcassets; sourceTree = "<group>"; };
		96E5F7172042C3ED00A713D9 /* Base */ = {isa = PBXFileReference; lastKnownFileType = file.storyboard; name = Base; path = Base.lproj/Main.storyboard; sourceTree = "<group>"; };
		96E5F7192042C3ED00A713D9 /* Info.plist */ = {isa = PBXFileReference; lastKnownFileType = text.plist.xml; path = Info.plist; sourceTree = "<group>"; };
		96E5F71A2042C3ED00A713D9 /* Tank.entitlements */ = {isa = PBXFileReference; lastKnownFileType = text.plist.entitlements; path = Tank.entitlements; sourceTree = "<group>"; };
		96E5F71F2042C3ED00A713D9 /* TankTests.xctest */ = {isa = PBXFileReference; explicitFileType = wrapper.cfbundle; includeInIndex = 0; path = TankTests.xctest; sourceTree = BUILT_PRODUCTS_DIR; };
		96E5F7232042C3ED00A713D9 /* TankTests.swift */ = {isa = PBXFileReference; lastKnownFileType = sourcecode.swift; path = TankTests.swift; sourceTree = "<group>"; };
		96E5F7252042C3ED00A713D9 /* Info.plist */ = {isa = PBXFileReference; lastKnownFileType = text.plist.xml; path = Info.plist; sourceTree = "<group>"; };
		96E5F72A2042C3ED00A713D9 /* TankUITests.xctest */ = {isa = PBXFileReference; explicitFileType = wrapper.cfbundle; includeInIndex = 0; path = TankUITests.xctest; sourceTree = BUILT_PRODUCTS_DIR; };
		96E5F72E2042C3ED00A713D9 /* TankUITests.swift */ = {isa = PBXFileReference; lastKnownFileType = sourcecode.swift; path = TankUITests.swift; sourceTree = "<group>"; };
		96E5F7302042C3ED00A713D9 /* Info.plist */ = {isa = PBXFileReference; lastKnownFileType = text.plist.xml; path = Info.plist; sourceTree = "<group>"; };
		96E5F73E204309AA00A713D9 /* GHWebcastViewController.swift */ = {isa = PBXFileReference; lastKnownFileType = sourcecode.swift; path = GHWebcastViewController.swift; sourceTree = "<group>"; };
		96E5F74020430A7400A713D9 /* Webcast.swift */ = {isa = PBXFileReference; lastKnownFileType = sourcecode.swift; path = Webcast.swift; sourceTree = "<group>"; };
		96E5F74220430ABD00A713D9 /* WebcastParser.swift */ = {isa = PBXFileReference; lastKnownFileType = sourcecode.swift; path = WebcastParser.swift; sourceTree = "<group>"; };
		96E5F7442043121000A713D9 /* WebcastsTableViewCell.swift */ = {isa = PBXFileReference; lastKnownFileType = sourcecode.swift; path = WebcastsTableViewCell.swift; sourceTree = "<group>"; };
		96E5F7482043173500A713D9 /* GHAuthManager.swift */ = {isa = PBXFileReference; lastKnownFileType = sourcecode.swift; path = GHAuthManager.swift; sourceTree = "<group>"; };
		96E5F74A2044729100A713D9 /* GithubViewController.swift */ = {isa = PBXFileReference; lastKnownFileType = sourcecode.swift; path = GithubViewController.swift; sourceTree = "<group>"; };
		96E5F74C204472D100A713D9 /* GHAuthViewController.swift */ = {isa = PBXFileReference; lastKnownFileType = sourcecode.swift; path = GHAuthViewController.swift; sourceTree = "<group>"; };
		96E5F74E204548F300A713D9 /* GHNotificationViewController.swift */ = {isa = PBXFileReference; lastKnownFileType = sourcecode.swift; path = GHNotificationViewController.swift; sourceTree = "<group>"; };
		96E5F7512045495500A713D9 /* GHTableViewCell.swift */ = {isa = PBXFileReference; lastKnownFileType = sourcecode.swift; path = GHTableViewCell.swift; sourceTree = "<group>"; };
		96E5F75320454A5100A713D9 /* GHNotification.swift */ = {isa = PBXFileReference; lastKnownFileType = sourcecode.swift; path = GHNotification.swift; sourceTree = "<group>"; };
		96E5F75520454B4C00A713D9 /* GHNotificationWebService.swift */ = {isa = PBXFileReference; lastKnownFileType = sourcecode.swift; path = GHNotificationWebService.swift; sourceTree = "<group>"; };
		99607C08637FCE190A0699D3 /* Pods_Tank.framework */ = {isa = PBXFileReference; explicitFileType = wrapper.framework; includeInIndex = 0; path = Pods_Tank.framework; sourceTree = BUILT_PRODUCTS_DIR; };
		9B3647025FF6C3041001617D /* Pods-Tank.release.xcconfig */ = {isa = PBXFileReference; includeInIndex = 1; lastKnownFileType = text.xcconfig; name = "Pods-Tank.release.xcconfig"; path = "Pods/Target Support Files/Pods-Tank/Pods-Tank.release.xcconfig"; sourceTree = "<group>"; };
		ECB87FB8ACA4D6684DE6B9EC /* Pods_TankTests.framework */ = {isa = PBXFileReference; explicitFileType = wrapper.framework; includeInIndex = 0; path = Pods_TankTests.framework; sourceTree = BUILT_PRODUCTS_DIR; };
/* End PBXFileReference section */

/* Begin PBXFrameworksBuildPhase section */
		96E5F70A2042C3EC00A713D9 /* Frameworks */ = {
			isa = PBXFrameworksBuildPhase;
			buildActionMask = 2147483647;
			files = (
				0C6B1C2C8F4FA001F75B4A8B /* Pods_Tank.framework in Frameworks */,
			);
			runOnlyForDeploymentPostprocessing = 0;
		};
		96E5F71C2042C3ED00A713D9 /* Frameworks */ = {
			isa = PBXFrameworksBuildPhase;
			buildActionMask = 2147483647;
			files = (
				8CF34AAF85980D632165433B /* Pods_TankTests.framework in Frameworks */,
			);
			runOnlyForDeploymentPostprocessing = 0;
		};
		96E5F7272042C3ED00A713D9 /* Frameworks */ = {
			isa = PBXFrameworksBuildPhase;
			buildActionMask = 2147483647;
			files = (
				45891E243F752D329E6707F7 /* Pods_TankUITests.framework in Frameworks */,
			);
			runOnlyForDeploymentPostprocessing = 0;
		};
/* End PBXFrameworksBuildPhase section */

/* Begin PBXGroup section */
		0D4FD8AD2AD147F0DCF7DA93 /* Pods */ = {
			isa = PBXGroup;
			children = (
				13DC6BC2002A62ECFD79CFA6 /* Pods-Tank.debug.xcconfig */,
				9B3647025FF6C3041001617D /* Pods-Tank.release.xcconfig */,
				2AF4EC6DB1CE60523D1C6F7D /* Pods-TankTests.debug.xcconfig */,
				713325FAEA72500D14802C6E /* Pods-TankTests.release.xcconfig */,
				3AA50FF924E93AB6C074C836 /* Pods-TankUITests.debug.xcconfig */,
				7249A558C5293285692CB334 /* Pods-TankUITests.release.xcconfig */,
			);
			name = Pods;
			sourceTree = "<group>";
		};
		6A5926812BC26749B6CFC9EA /* Frameworks */ = {
			isa = PBXGroup;
			children = (
				99607C08637FCE190A0699D3 /* Pods_Tank.framework */,
				ECB87FB8ACA4D6684DE6B9EC /* Pods_TankTests.framework */,
				7742A359A0CE62FAA31D083B /* Pods_TankUITests.framework */,
			);
			name = Frameworks;
			sourceTree = "<group>";
		};
		96E5F7042042C3EC00A713D9 = {
			isa = PBXGroup;
			children = (
				96E5F70F2042C3ED00A713D9 /* Tank */,
				96E5F7222042C3ED00A713D9 /* TankTests */,
				96E5F72D2042C3ED00A713D9 /* TankUITests */,
				96E5F70E2042C3ED00A713D9 /* Products */,
				0D4FD8AD2AD147F0DCF7DA93 /* Pods */,
				6A5926812BC26749B6CFC9EA /* Frameworks */,
			);
			sourceTree = "<group>";
		};
		96E5F70E2042C3ED00A713D9 /* Products */ = {
			isa = PBXGroup;
			children = (
				96E5F70D2042C3ED00A713D9 /* Tank.app */,
				96E5F71F2042C3ED00A713D9 /* TankTests.xctest */,
				96E5F72A2042C3ED00A713D9 /* TankUITests.xctest */,
			);
			name = Products;
			sourceTree = "<group>";
		};
		96E5F70F2042C3ED00A713D9 /* Tank */ = {
			isa = PBXGroup;
			children = (
				96E5F73C204308B500A713D9 /* github */,
				96E5F7102042C3ED00A713D9 /* AppDelegate.swift */,
				96E5F7122042C3ED00A713D9 /* ViewController.swift */,
				96E5F7142042C3ED00A713D9 /* Assets.xcassets */,
				96E5F7162042C3ED00A713D9 /* Main.storyboard */,
				96E5F7192042C3ED00A713D9 /* Info.plist */,
				96E5F71A2042C3ED00A713D9 /* Tank.entitlements */,
			);
			path = Tank;
			sourceTree = "<group>";
		};
		96E5F7222042C3ED00A713D9 /* TankTests */ = {
			isa = PBXGroup;
			children = (
				96E5F7232042C3ED00A713D9 /* TankTests.swift */,
				96E5F7252042C3ED00A713D9 /* Info.plist */,
			);
			path = TankTests;
			sourceTree = "<group>";
		};
		96E5F72D2042C3ED00A713D9 /* TankUITests */ = {
			isa = PBXGroup;
			children = (
				96E5F72E2042C3ED00A713D9 /* TankUITests.swift */,
				96E5F7302042C3ED00A713D9 /* Info.plist */,
			);
			path = TankUITests;
			sourceTree = "<group>";
		};
		96E5F73C204308B500A713D9 /* github */ = {
			isa = PBXGroup;
			children = (
				96E5F7502045492800A713D9 /* notifications */,
				96E5F7472043170A00A713D9 /* auth */,
				96E5F73D204308C700A713D9 /* webcast */,
				96E5F74A2044729100A713D9 /* GithubViewController.swift */,
			);
			path = github;
			sourceTree = "<group>";
		};
		96E5F73D204308C700A713D9 /* webcast */ = {
			isa = PBXGroup;
			children = (
				96E5F73E204309AA00A713D9 /* GHWebcastViewController.swift */,
				96E5F74020430A7400A713D9 /* Webcast.swift */,
				96E5F74220430ABD00A713D9 /* WebcastParser.swift */,
				96E5F7442043121000A713D9 /* WebcastsTableViewCell.swift */,
			);
			path = webcast;
			sourceTree = "<group>";
		};
		96E5F7472043170A00A713D9 /* auth */ = {
			isa = PBXGroup;
			children = (
				96E5F7482043173500A713D9 /* GHAuthManager.swift */,
				96E5F74C204472D100A713D9 /* GHAuthViewController.swift */,
			);
			path = auth;
			sourceTree = "<group>";
		};
		96E5F7502045492800A713D9 /* notifications */ = {
			isa = PBXGroup;
			children = (
				96E5F74E204548F300A713D9 /* GHNotificationViewController.swift */,
				96E5F7512045495500A713D9 /* GHTableViewCell.swift */,
				96E5F75320454A5100A713D9 /* GHNotification.swift */,
				96E5F75520454B4C00A713D9 /* GHNotificationWebService.swift */,
			);
			path = notifications;
			sourceTree = "<group>";
		};
/* End PBXGroup section */

/* Begin PBXNativeTarget section */
		96E5F70C2042C3EC00A713D9 /* Tank */ = {
			isa = PBXNativeTarget;
			buildConfigurationList = 96E5F7332042C3ED00A713D9 /* Build configuration list for PBXNativeTarget "Tank" */;
			buildPhases = (
				57E088BC9A182D20F331CA5F /* [CP] Check Pods Manifest.lock */,
				96E5F7092042C3EC00A713D9 /* Sources */,
				96E5F70A2042C3EC00A713D9 /* Frameworks */,
				96E5F70B2042C3EC00A713D9 /* Resources */,
				2872A54AE3644A366607B022 /* [CP] Embed Pods Frameworks */,
				F702271E06167A459711B6F0 /* [CP] Copy Pods Resources */,
			);
			buildRules = (
			);
			dependencies = (
			);
			name = Tank;
			productName = Tank;
			productReference = 96E5F70D2042C3ED00A713D9 /* Tank.app */;
			productType = "com.apple.product-type.application";
		};
		96E5F71E2042C3ED00A713D9 /* TankTests */ = {
			isa = PBXNativeTarget;
			buildConfigurationList = 96E5F7362042C3ED00A713D9 /* Build configuration list for PBXNativeTarget "TankTests" */;
			buildPhases = (
				1FEF121AE46AE84975A3F52C /* [CP] Check Pods Manifest.lock */,
				96E5F71B2042C3ED00A713D9 /* Sources */,
				96E5F71C2042C3ED00A713D9 /* Frameworks */,
				96E5F71D2042C3ED00A713D9 /* Resources */,
				72CBF119C0160D6CD7F04CAE /* [CP] Embed Pods Frameworks */,
				EDD73993E2FA2C5BCA12E7AA /* [CP] Copy Pods Resources */,
			);
			buildRules = (
			);
			dependencies = (
				96E5F7212042C3ED00A713D9 /* PBXTargetDependency */,
			);
			name = TankTests;
			productName = TankTests;
			productReference = 96E5F71F2042C3ED00A713D9 /* TankTests.xctest */;
			productType = "com.apple.product-type.bundle.unit-test";
		};
		96E5F7292042C3ED00A713D9 /* TankUITests */ = {
			isa = PBXNativeTarget;
			buildConfigurationList = 96E5F7392042C3ED00A713D9 /* Build configuration list for PBXNativeTarget "TankUITests" */;
			buildPhases = (
				9491000AFA98EEA615528B97 /* [CP] Check Pods Manifest.lock */,
				96E5F7262042C3ED00A713D9 /* Sources */,
				96E5F7272042C3ED00A713D9 /* Frameworks */,
				96E5F7282042C3ED00A713D9 /* Resources */,
				3197159127CF605C7F1B39D6 /* [CP] Embed Pods Frameworks */,
				2D5222B609D709C76B33C82E /* [CP] Copy Pods Resources */,
			);
			buildRules = (
			);
			dependencies = (
				96E5F72C2042C3ED00A713D9 /* PBXTargetDependency */,
			);
			name = TankUITests;
			productName = TankUITests;
			productReference = 96E5F72A2042C3ED00A713D9 /* TankUITests.xctest */;
			productType = "com.apple.product-type.bundle.ui-testing";
		};
/* End PBXNativeTarget section */

/* Begin PBXProject section */
		96E5F7052042C3EC00A713D9 /* Project object */ = {
			isa = PBXProject;
			attributes = {
				LastSwiftUpdateCheck = 0920;
				LastUpgradeCheck = 0920;
				ORGANIZATIONNAME = xbauquet;
				TargetAttributes = {
					96E5F70C2042C3EC00A713D9 = {
						CreatedOnToolsVersion = 9.2;
						ProvisioningStyle = Automatic;
					};
					96E5F71E2042C3ED00A713D9 = {
						CreatedOnToolsVersion = 9.2;
						ProvisioningStyle = Automatic;
						TestTargetID = 96E5F70C2042C3EC00A713D9;
					};
					96E5F7292042C3ED00A713D9 = {
						CreatedOnToolsVersion = 9.2;
						ProvisioningStyle = Automatic;
						TestTargetID = 96E5F70C2042C3EC00A713D9;
					};
				};
			};
			buildConfigurationList = 96E5F7082042C3EC00A713D9 /* Build configuration list for PBXProject "Tank" */;
			compatibilityVersion = "Xcode 8.0";
			developmentRegion = en;
			hasScannedForEncodings = 0;
			knownRegions = (
				en,
				Base,
			);
			mainGroup = 96E5F7042042C3EC00A713D9;
			productRefGroup = 96E5F70E2042C3ED00A713D9 /* Products */;
			projectDirPath = "";
			projectRoot = "";
			targets = (
				96E5F70C2042C3EC00A713D9 /* Tank */,
				96E5F71E2042C3ED00A713D9 /* TankTests */,
				96E5F7292042C3ED00A713D9 /* TankUITests */,
			);
		};
/* End PBXProject section */

/* Begin PBXResourcesBuildPhase section */
		96E5F70B2042C3EC00A713D9 /* Resources */ = {
			isa = PBXResourcesBuildPhase;
			buildActionMask = 2147483647;
			files = (
				96E5F7152042C3ED00A713D9 /* Assets.xcassets in Resources */,
				96E5F7182042C3ED00A713D9 /* Main.storyboard in Resources */,
			);
			runOnlyForDeploymentPostprocessing = 0;
		};
		96E5F71D2042C3ED00A713D9 /* Resources */ = {
			isa = PBXResourcesBuildPhase;
			buildActionMask = 2147483647;
			files = (
			);
			runOnlyForDeploymentPostprocessing = 0;
		};
		96E5F7282042C3ED00A713D9 /* Resources */ = {
			isa = PBXResourcesBuildPhase;
			buildActionMask = 2147483647;
			files = (
			);
			runOnlyForDeploymentPostprocessing = 0;
		};
/* End PBXResourcesBuildPhase section */

/* Begin PBXShellScriptBuildPhase section */
		1FEF121AE46AE84975A3F52C /* [CP] Check Pods Manifest.lock */ = {
			isa = PBXShellScriptBuildPhase;
			buildActionMask = 2147483647;
			files = (
			);
			inputPaths = (
				"${PODS_PODFILE_DIR_PATH}/Podfile.lock",
				"${PODS_ROOT}/Manifest.lock",
			);
			name = "[CP] Check Pods Manifest.lock";
			outputPaths = (
				"$(DERIVED_FILE_DIR)/Pods-TankTests-checkManifestLockResult.txt",
			);
			runOnlyForDeploymentPostprocessing = 0;
			shellPath = /bin/sh;
			shellScript = "diff \"${PODS_PODFILE_DIR_PATH}/Podfile.lock\" \"${PODS_ROOT}/Manifest.lock\" > /dev/null\nif [ $? != 0 ] ; then\n    # print error to STDERR\n    echo \"error: The sandbox is not in sync with the Podfile.lock. Run 'pod install' or update your CocoaPods installation.\" >&2\n    exit 1\nfi\n# This output is used by Xcode 'outputs' to avoid re-running this script phase.\necho \"SUCCESS\" > \"${SCRIPT_OUTPUT_FILE_0}\"\n";
			showEnvVarsInLog = 0;
		};
		2872A54AE3644A366607B022 /* [CP] Embed Pods Frameworks */ = {
			isa = PBXShellScriptBuildPhase;
			buildActionMask = 2147483647;
			files = (
			);
			inputPaths = (
				"${SRCROOT}/Pods/Target Support Files/Pods-Tank/Pods-Tank-frameworks.sh",
				"${BUILT_PRODUCTS_DIR}/Alamofire/Alamofire.framework",
				"${BUILT_PRODUCTS_DIR}/SwiftSoup/SwiftSoup.framework",
			);
			name = "[CP] Embed Pods Frameworks";
			outputPaths = (
				"${TARGET_BUILD_DIR}/${FRAMEWORKS_FOLDER_PATH}/Alamofire.framework",
				"${TARGET_BUILD_DIR}/${FRAMEWORKS_FOLDER_PATH}/SwiftSoup.framework",
			);
			runOnlyForDeploymentPostprocessing = 0;
			shellPath = /bin/sh;
			shellScript = "\"${SRCROOT}/Pods/Target Support Files/Pods-Tank/Pods-Tank-frameworks.sh\"\n";
			showEnvVarsInLog = 0;
		};
		2D5222B609D709C76B33C82E /* [CP] Copy Pods Resources */ = {
			isa = PBXShellScriptBuildPhase;
			buildActionMask = 2147483647;
			files = (
			);
			inputPaths = (
			);
			name = "[CP] Copy Pods Resources";
			outputPaths = (
			);
			runOnlyForDeploymentPostprocessing = 0;
			shellPath = /bin/sh;
			shellScript = "\"${SRCROOT}/Pods/Target Support Files/Pods-TankUITests/Pods-TankUITests-resources.sh\"\n";
			showEnvVarsInLog = 0;
		};
		3197159127CF605C7F1B39D6 /* [CP] Embed Pods Frameworks */ = {
			isa = PBXShellScriptBuildPhase;
			buildActionMask = 2147483647;
			files = (
			);
			inputPaths = (
			);
			name = "[CP] Embed Pods Frameworks";
			outputPaths = (
			);
			runOnlyForDeploymentPostprocessing = 0;
			shellPath = /bin/sh;
			shellScript = "\"${SRCROOT}/Pods/Target Support Files/Pods-TankUITests/Pods-TankUITests-frameworks.sh\"\n";
			showEnvVarsInLog = 0;
		};
		57E088BC9A182D20F331CA5F /* [CP] Check Pods Manifest.lock */ = {
			isa = PBXShellScriptBuildPhase;
			buildActionMask = 2147483647;
			files = (
			);
			inputPaths = (
				"${PODS_PODFILE_DIR_PATH}/Podfile.lock",
				"${PODS_ROOT}/Manifest.lock",
			);
			name = "[CP] Check Pods Manifest.lock";
			outputPaths = (
				"$(DERIVED_FILE_DIR)/Pods-Tank-checkManifestLockResult.txt",
			);
			runOnlyForDeploymentPostprocessing = 0;
			shellPath = /bin/sh;
			shellScript = "diff \"${PODS_PODFILE_DIR_PATH}/Podfile.lock\" \"${PODS_ROOT}/Manifest.lock\" > /dev/null\nif [ $? != 0 ] ; then\n    # print error to STDERR\n    echo \"error: The sandbox is not in sync with the Podfile.lock. Run 'pod install' or update your CocoaPods installation.\" >&2\n    exit 1\nfi\n# This output is used by Xcode 'outputs' to avoid re-running this script phase.\necho \"SUCCESS\" > \"${SCRIPT_OUTPUT_FILE_0}\"\n";
			showEnvVarsInLog = 0;
		};
		72CBF119C0160D6CD7F04CAE /* [CP] Embed Pods Frameworks */ = {
			isa = PBXShellScriptBuildPhase;
			buildActionMask = 2147483647;
			files = (
			);
			inputPaths = (
			);
			name = "[CP] Embed Pods Frameworks";
			outputPaths = (
			);
			runOnlyForDeploymentPostprocessing = 0;
			shellPath = /bin/sh;
			shellScript = "\"${SRCROOT}/Pods/Target Support Files/Pods-TankTests/Pods-TankTests-frameworks.sh\"\n";
			showEnvVarsInLog = 0;
		};
		9491000AFA98EEA615528B97 /* [CP] Check Pods Manifest.lock */ = {
			isa = PBXShellScriptBuildPhase;
			buildActionMask = 2147483647;
			files = (
			);
			inputPaths = (
				"${PODS_PODFILE_DIR_PATH}/Podfile.lock",
				"${PODS_ROOT}/Manifest.lock",
			);
			name = "[CP] Check Pods Manifest.lock";
			outputPaths = (
				"$(DERIVED_FILE_DIR)/Pods-TankUITests-checkManifestLockResult.txt",
			);
			runOnlyForDeploymentPostprocessing = 0;
			shellPath = /bin/sh;
			shellScript = "diff \"${PODS_PODFILE_DIR_PATH}/Podfile.lock\" \"${PODS_ROOT}/Manifest.lock\" > /dev/null\nif [ $? != 0 ] ; then\n    # print error to STDERR\n    echo \"error: The sandbox is not in sync with the Podfile.lock. Run 'pod install' or update your CocoaPods installation.\" >&2\n    exit 1\nfi\n# This output is used by Xcode 'outputs' to avoid re-running this script phase.\necho \"SUCCESS\" > \"${SCRIPT_OUTPUT_FILE_0}\"\n";
			showEnvVarsInLog = 0;
		};
		EDD73993E2FA2C5BCA12E7AA /* [CP] Copy Pods Resources */ = {
			isa = PBXShellScriptBuildPhase;
			buildActionMask = 2147483647;
			files = (
			);
			inputPaths = (
			);
			name = "[CP] Copy Pods Resources";
			outputPaths = (
			);
			runOnlyForDeploymentPostprocessing = 0;
			shellPath = /bin/sh;
			shellScript = "\"${SRCROOT}/Pods/Target Support Files/Pods-TankTests/Pods-TankTests-resources.sh\"\n";
			showEnvVarsInLog = 0;
		};
		F702271E06167A459711B6F0 /* [CP] Copy Pods Resources */ = {
			isa = PBXShellScriptBuildPhase;
			buildActionMask = 2147483647;
			files = (
			);
			inputPaths = (
			);
			name = "[CP] Copy Pods Resources";
			outputPaths = (
			);
			runOnlyForDeploymentPostprocessing = 0;
			shellPath = /bin/sh;
			shellScript = "\"${SRCROOT}/Pods/Target Support Files/Pods-Tank/Pods-Tank-resources.sh\"\n";
			showEnvVarsInLog = 0;
		};
/* End PBXShellScriptBuildPhase section */

/* Begin PBXSourcesBuildPhase section */
		96E5F7092042C3EC00A713D9 /* Sources */ = {
			isa = PBXSourcesBuildPhase;
			buildActionMask = 2147483647;
			files = (
				96E5F75620454B4C00A713D9 /* GHNotificationWebService.swift in Sources */,
				96E5F73F204309AA00A713D9 /* GHWebcastViewController.swift in Sources */,
				96E5F7452043121000A713D9 /* WebcastsTableViewCell.swift in Sources */,
				96E5F74120430A7400A713D9 /* Webcast.swift in Sources */,
				96E5F7132042C3ED00A713D9 /* ViewController.swift in Sources */,
				96E5F7112042C3ED00A713D9 /* AppDelegate.swift in Sources */,
				96E5F75420454A5100A713D9 /* GHNotification.swift in Sources */,
				96E5F74320430ABD00A713D9 /* WebcastParser.swift in Sources */,
				96E5F74D204472D100A713D9 /* GHAuthViewController.swift in Sources */,
				96E5F7522045495500A713D9 /* GHTableViewCell.swift in Sources */,
				96E5F7492043173500A713D9 /* GHAuthManager.swift in Sources */,
				96E5F74F204548F300A713D9 /* GHNotificationViewController.swift in Sources */,
				96E5F74B2044729100A713D9 /* GithubViewController.swift in Sources */,
			);
			runOnlyForDeploymentPostprocessing = 0;
		};
		96E5F71B2042C3ED00A713D9 /* Sources */ = {
			isa = PBXSourcesBuildPhase;
			buildActionMask = 2147483647;
			files = (
				96E5F7242042C3ED00A713D9 /* TankTests.swift in Sources */,
			);
			runOnlyForDeploymentPostprocessing = 0;
		};
		96E5F7262042C3ED00A713D9 /* Sources */ = {
			isa = PBXSourcesBuildPhase;
			buildActionMask = 2147483647;
			files = (
				96E5F72F2042C3ED00A713D9 /* TankUITests.swift in Sources */,
			);
			runOnlyForDeploymentPostprocessing = 0;
		};
/* End PBXSourcesBuildPhase section */

/* Begin PBXTargetDependency section */
		96E5F7212042C3ED00A713D9 /* PBXTargetDependency */ = {
			isa = PBXTargetDependency;
			target = 96E5F70C2042C3EC00A713D9 /* Tank */;
			targetProxy = 96E5F7202042C3ED00A713D9 /* PBXContainerItemProxy */;
		};
		96E5F72C2042C3ED00A713D9 /* PBXTargetDependency */ = {
			isa = PBXTargetDependency;
			target = 96E5F70C2042C3EC00A713D9 /* Tank */;
			targetProxy = 96E5F72B2042C3ED00A713D9 /* PBXContainerItemProxy */;
		};
/* End PBXTargetDependency section */

/* Begin PBXVariantGroup section */
		96E5F7162042C3ED00A713D9 /* Main.storyboard */ = {
			isa = PBXVariantGroup;
			children = (
				96E5F7172042C3ED00A713D9 /* Base */,
			);
			name = Main.storyboard;
			sourceTree = "<group>";
		};
/* End PBXVariantGroup section */

/* Begin XCBuildConfiguration section */
		96E5F7312042C3ED00A713D9 /* Debug */ = {
			isa = XCBuildConfiguration;
			buildSettings = {
				ALWAYS_SEARCH_USER_PATHS = NO;
				CLANG_ANALYZER_NONNULL = YES;
				CLANG_ANALYZER_NUMBER_OBJECT_CONVERSION = YES_AGGRESSIVE;
				CLANG_CXX_LANGUAGE_STANDARD = "gnu++14";
				CLANG_CXX_LIBRARY = "libc++";
				CLANG_ENABLE_MODULES = YES;
				CLANG_ENABLE_OBJC_ARC = YES;
				CLANG_WARN_BLOCK_CAPTURE_AUTORELEASING = YES;
				CLANG_WARN_BOOL_CONVERSION = YES;
				CLANG_WARN_COMMA = YES;
				CLANG_WARN_CONSTANT_CONVERSION = YES;
				CLANG_WARN_DIRECT_OBJC_ISA_USAGE = YES_ERROR;
				CLANG_WARN_DOCUMENTATION_COMMENTS = YES;
				CLANG_WARN_EMPTY_BODY = YES;
				CLANG_WARN_ENUM_CONVERSION = YES;
				CLANG_WARN_INFINITE_RECURSION = YES;
				CLANG_WARN_INT_CONVERSION = YES;
				CLANG_WARN_NON_LITERAL_NULL_CONVERSION = YES;
				CLANG_WARN_OBJC_LITERAL_CONVERSION = YES;
				CLANG_WARN_OBJC_ROOT_CLASS = YES_ERROR;
				CLANG_WARN_RANGE_LOOP_ANALYSIS = YES;
				CLANG_WARN_STRICT_PROTOTYPES = YES;
				CLANG_WARN_SUSPICIOUS_MOVE = YES;
				CLANG_WARN_UNGUARDED_AVAILABILITY = YES_AGGRESSIVE;
				CLANG_WARN_UNREACHABLE_CODE = YES;
				CLANG_WARN__DUPLICATE_METHOD_MATCH = YES;
				CODE_SIGN_IDENTITY = "-";
				COPY_PHASE_STRIP = NO;
				DEBUG_INFORMATION_FORMAT = dwarf;
				ENABLE_STRICT_OBJC_MSGSEND = YES;
				ENABLE_TESTABILITY = YES;
				GCC_C_LANGUAGE_STANDARD = gnu11;
				GCC_DYNAMIC_NO_PIC = NO;
				GCC_NO_COMMON_BLOCKS = YES;
				GCC_OPTIMIZATION_LEVEL = 0;
				GCC_PREPROCESSOR_DEFINITIONS = (
					"DEBUG=1",
					"$(inherited)",
				);
				GCC_WARN_64_TO_32_BIT_CONVERSION = YES;
				GCC_WARN_ABOUT_RETURN_TYPE = YES_ERROR;
				GCC_WARN_UNDECLARED_SELECTOR = YES;
				GCC_WARN_UNINITIALIZED_AUTOS = YES_AGGRESSIVE;
				GCC_WARN_UNUSED_FUNCTION = YES;
				GCC_WARN_UNUSED_VARIABLE = YES;
				MACOSX_DEPLOYMENT_TARGET = 10.13;
				MTL_ENABLE_DEBUG_INFO = YES;
				ONLY_ACTIVE_ARCH = YES;
				SDKROOT = macosx;
				SWIFT_ACTIVE_COMPILATION_CONDITIONS = DEBUG;
				SWIFT_OPTIMIZATION_LEVEL = "-Onone";
			};
			name = Debug;
		};
		96E5F7322042C3ED00A713D9 /* Release */ = {
			isa = XCBuildConfiguration;
			buildSettings = {
				ALWAYS_SEARCH_USER_PATHS = NO;
				CLANG_ANALYZER_NONNULL = YES;
				CLANG_ANALYZER_NUMBER_OBJECT_CONVERSION = YES_AGGRESSIVE;
				CLANG_CXX_LANGUAGE_STANDARD = "gnu++14";
				CLANG_CXX_LIBRARY = "libc++";
				CLANG_ENABLE_MODULES = YES;
				CLANG_ENABLE_OBJC_ARC = YES;
				CLANG_WARN_BLOCK_CAPTURE_AUTORELEASING = YES;
				CLANG_WARN_BOOL_CONVERSION = YES;
				CLANG_WARN_COMMA = YES;
				CLANG_WARN_CONSTANT_CONVERSION = YES;
				CLANG_WARN_DIRECT_OBJC_ISA_USAGE = YES_ERROR;
				CLANG_WARN_DOCUMENTATION_COMMENTS = YES;
				CLANG_WARN_EMPTY_BODY = YES;
				CLANG_WARN_ENUM_CONVERSION = YES;
				CLANG_WARN_INFINITE_RECURSION = YES;
				CLANG_WARN_INT_CONVERSION = YES;
				CLANG_WARN_NON_LITERAL_NULL_CONVERSION = YES;
				CLANG_WARN_OBJC_LITERAL_CONVERSION = YES;
				CLANG_WARN_OBJC_ROOT_CLASS = YES_ERROR;
				CLANG_WARN_RANGE_LOOP_ANALYSIS = YES;
				CLANG_WARN_STRICT_PROTOTYPES = YES;
				CLANG_WARN_SUSPICIOUS_MOVE = YES;
				CLANG_WARN_UNGUARDED_AVAILABILITY = YES_AGGRESSIVE;
				CLANG_WARN_UNREACHABLE_CODE = YES;
				CLANG_WARN__DUPLICATE_METHOD_MATCH = YES;
				CODE_SIGN_IDENTITY = "-";
				COPY_PHASE_STRIP = NO;
				DEBUG_INFORMATION_FORMAT = "dwarf-with-dsym";
				ENABLE_NS_ASSERTIONS = NO;
				ENABLE_STRICT_OBJC_MSGSEND = YES;
				GCC_C_LANGUAGE_STANDARD = gnu11;
				GCC_NO_COMMON_BLOCKS = YES;
				GCC_WARN_64_TO_32_BIT_CONVERSION = YES;
				GCC_WARN_ABOUT_RETURN_TYPE = YES_ERROR;
				GCC_WARN_UNDECLARED_SELECTOR = YES;
				GCC_WARN_UNINITIALIZED_AUTOS = YES_AGGRESSIVE;
				GCC_WARN_UNUSED_FUNCTION = YES;
				GCC_WARN_UNUSED_VARIABLE = YES;
				MACOSX_DEPLOYMENT_TARGET = 10.13;
				MTL_ENABLE_DEBUG_INFO = NO;
				SDKROOT = macosx;
				SWIFT_OPTIMIZATION_LEVEL = "-Owholemodule";
			};
			name = Release;
		};
		96E5F7342042C3ED00A713D9 /* Debug */ = {
			isa = XCBuildConfiguration;
			baseConfigurationReference = 13DC6BC2002A62ECFD79CFA6 /* Pods-Tank.debug.xcconfig */;
			buildSettings = {
				ASSETCATALOG_COMPILER_APPICON_NAME = AppIcon;
				CODE_SIGN_ENTITLEMENTS = Tank/Tank.entitlements;
				CODE_SIGN_STYLE = Automatic;
				COMBINE_HIDPI_IMAGES = YES;
				INFOPLIST_FILE = Tank/Info.plist;
				LD_RUNPATH_SEARCH_PATHS = "$(inherited) @executable_path/../Frameworks";
				MACOSX_DEPLOYMENT_TARGET = 10.13;
				PRODUCT_BUNDLE_IDENTIFIER = com.xbauquet.Tank;
				PRODUCT_NAME = "$(TARGET_NAME)";
				SWIFT_VERSION = 4.0;
			};
			name = Debug;
		};
		96E5F7352042C3ED00A713D9 /* Release */ = {
			isa = XCBuildConfiguration;
			baseConfigurationReference = 9B3647025FF6C3041001617D /* Pods-Tank.release.xcconfig */;
			buildSettings = {
				ASSETCATALOG_COMPILER_APPICON_NAME = AppIcon;
				CODE_SIGN_ENTITLEMENTS = Tank/Tank.entitlements;
				CODE_SIGN_STYLE = Automatic;
				COMBINE_HIDPI_IMAGES = YES;
				INFOPLIST_FILE = Tank/Info.plist;
				LD_RUNPATH_SEARCH_PATHS = "$(inherited) @executable_path/../Frameworks";
				MACOSX_DEPLOYMENT_TARGET = 10.13;
				PRODUCT_BUNDLE_IDENTIFIER = com.xbauquet.Tank;
				PRODUCT_NAME = "$(TARGET_NAME)";
				SWIFT_VERSION = 4.0;
			};
			name = Release;
		};
		96E5F7372042C3ED00A713D9 /* Debug */ = {
			isa = XCBuildConfiguration;
			baseConfigurationReference = 2AF4EC6DB1CE60523D1C6F7D /* Pods-TankTests.debug.xcconfig */;
			buildSettings = {
				ALWAYS_EMBED_SWIFT_STANDARD_LIBRARIES = YES;
				BUNDLE_LOADER = "$(TEST_HOST)";
				CODE_SIGN_STYLE = Automatic;
				COMBINE_HIDPI_IMAGES = YES;
				INFOPLIST_FILE = TankTests/Info.plist;
				LD_RUNPATH_SEARCH_PATHS = "$(inherited) @executable_path/../Frameworks @loader_path/../Frameworks";
				PRODUCT_BUNDLE_IDENTIFIER = com.xbauquet.TankTests;
				PRODUCT_NAME = "$(TARGET_NAME)";
				SWIFT_VERSION = 4.0;
				TEST_HOST = "$(BUILT_PRODUCTS_DIR)/Tank.app/Contents/MacOS/Tank";
			};
			name = Debug;
		};
		96E5F7382042C3ED00A713D9 /* Release */ = {
			isa = XCBuildConfiguration;
			baseConfigurationReference = 713325FAEA72500D14802C6E /* Pods-TankTests.release.xcconfig */;
			buildSettings = {
				ALWAYS_EMBED_SWIFT_STANDARD_LIBRARIES = YES;
				BUNDLE_LOADER = "$(TEST_HOST)";
				CODE_SIGN_STYLE = Automatic;
				COMBINE_HIDPI_IMAGES = YES;
				INFOPLIST_FILE = TankTests/Info.plist;
				LD_RUNPATH_SEARCH_PATHS = "$(inherited) @executable_path/../Frameworks @loader_path/../Frameworks";
				PRODUCT_BUNDLE_IDENTIFIER = com.xbauquet.TankTests;
				PRODUCT_NAME = "$(TARGET_NAME)";
				SWIFT_VERSION = 4.0;
				TEST_HOST = "$(BUILT_PRODUCTS_DIR)/Tank.app/Contents/MacOS/Tank";
			};
			name = Release;
		};
		96E5F73A2042C3ED00A713D9 /* Debug */ = {
			isa = XCBuildConfiguration;
			baseConfigurationReference = 3AA50FF924E93AB6C074C836 /* Pods-TankUITests.debug.xcconfig */;
			buildSettings = {
				ALWAYS_EMBED_SWIFT_STANDARD_LIBRARIES = YES;
				CODE_SIGN_STYLE = Automatic;
				COMBINE_HIDPI_IMAGES = YES;
				INFOPLIST_FILE = TankUITests/Info.plist;
				LD_RUNPATH_SEARCH_PATHS = "$(inherited) @executable_path/../Frameworks @loader_path/../Frameworks";
				PRODUCT_BUNDLE_IDENTIFIER = com.xbauquet.TankUITests;
				PRODUCT_NAME = "$(TARGET_NAME)";
				SWIFT_VERSION = 4.0;
				TEST_TARGET_NAME = Tank;
			};
			name = Debug;
		};
		96E5F73B2042C3ED00A713D9 /* Release */ = {
			isa = XCBuildConfiguration;
			baseConfigurationReference = 7249A558C5293285692CB334 /* Pods-TankUITests.release.xcconfig */;
			buildSettings = {
				ALWAYS_EMBED_SWIFT_STANDARD_LIBRARIES = YES;
				CODE_SIGN_STYLE = Automatic;
				COMBINE_HIDPI_IMAGES = YES;
				INFOPLIST_FILE = TankUITests/Info.plist;
				LD_RUNPATH_SEARCH_PATHS = "$(inherited) @executable_path/../Frameworks @loader_path/../Frameworks";
				PRODUCT_BUNDLE_IDENTIFIER = com.xbauquet.TankUITests;
				PRODUCT_NAME = "$(TARGET_NAME)";
				SWIFT_VERSION = 4.0;
				TEST_TARGET_NAME = Tank;
			};
			name = Release;
		};
/* End XCBuildConfiguration section */

/* Begin XCConfigurationList section */
		96E5F7082042C3EC00A713D9 /* Build configuration list for PBXProject "Tank" */ = {
			isa = XCConfigurationList;
			buildConfigurations = (
				96E5F7312042C3ED00A713D9 /* Debug */,
				96E5F7322042C3ED00A713D9 /* Release */,
			);
			defaultConfigurationIsVisible = 0;
			defaultConfigurationName = Release;
		};
		96E5F7332042C3ED00A713D9 /* Build configuration list for PBXNativeTarget "Tank" */ = {
			isa = XCConfigurationList;
			buildConfigurations = (
				96E5F7342042C3ED00A713D9 /* Debug */,
				96E5F7352042C3ED00A713D9 /* Release */,
			);
			defaultConfigurationIsVisible = 0;
			defaultConfigurationName = Release;
		};
		96E5F7362042C3ED00A713D9 /* Build configuration list for PBXNativeTarget "TankTests" */ = {
			isa = XCConfigurationList;
			buildConfigurations = (
				96E5F7372042C3ED00A713D9 /* Debug */,
				96E5F7382042C3ED00A713D9 /* Release */,
			);
			defaultConfigurationIsVisible = 0;
			defaultConfigurationName = Release;
		};
		96E5F7392042C3ED00A713D9 /* Build configuration list for PBXNativeTarget "TankUITests" */ = {
			isa = XCConfigurationList;
			buildConfigurations = (
				96E5F73A2042C3ED00A713D9 /* Debug */,
				96E5F73B2042C3ED00A713D9 /* Release */,
			);
			defaultConfigurationIsVisible = 0;
			defaultConfigurationName = Release;
		};
/* End XCConfigurationList section */
	};
	rootObject = 96E5F7052042C3EC00A713D9 /* Project object */;
}
